
Microsoft Visual Studio Solution File, Format Version 12.00
# Visual Studio Version 17
VisualStudioVersion = 17.8.34330.188
MinimumVisualStudioVersion = 10.0.40219.1
Project("{FAE04EC0-301F-11D3-BF4B-00C04F79EFBC}") = "eigenthread", "eigenthread.csproj", "{1374F82A-5E17-4755-A120-980F1491992F}"
EndProject
Global
	GlobalSection(SolutionConfigurationPlatforms) = preSolution
		Debug|Any CPU = Debug|Any CPU
		Release|Any CPU = Release|Any CPU
	EndGlobalSection
	GlobalSection(ProjectConfigurationPlatforms) = postSolution
		{1374F82A-5E17-4755-A120-980F1491992F}.Debug|Any CPU.ActiveCfg = Debug|Any CPU
		{1374F82A-5E17-4755-A120-980F1491992F}.Debug|Any CPU.Build.0 = Debug|Any CPU
		{1374F82A-5E17-4755-A120-980F1491992F}.Release|Any CPU.ActiveCfg = Release|Any CPU
		{1374F82A-5E17-4755-A120-980F1491992F}.Release|Any CPU.Build.0 = Release|Any CPU
	EndGlobalSection
	GlobalSection(SolutionProperties) = preSolution
		HideSolutionNode = FALSE
	EndGlobalSection
	GlobalSection(ExtensibilityGlobals) = postSolution
		SolutionGuid = {60A12E20-546B-476B-9628-0365E8A8952F}
	EndGlobalSection
EndGlobal
